
Microsoft Visual Studio Solution File, Format Version 12.00
# Visual Studio Version 16
VisualStudioVersion = 16.0.31624.102
MinimumVisualStudioVersion = 10.0.40219.1
Project("{FAE04EC0-301F-11D3-BF4B-00C04F79EFBC}") = "JobVietApp", "JobVietApp.csproj", "{AC3F59AA-76F7-484E-8C7A-73D474B4977C}"
EndProject
Global
	GlobalSection(SolutionConfigurationPlatforms) = preSolution
		Debug|Any CPU = Debug|Any CPU
		Release|Any CPU = Release|Any CPU
	EndGlobalSection
	GlobalSection(ProjectConfigurationPlatforms) = postSolution
		{AC3F59AA-76F7-484E-8C7A-73D474B4977C}.Debug|Any CPU.ActiveCfg = Debug|Any CPU
		{AC3F59AA-76F7-484E-8C7A-73D474B4977C}.Debug|Any CPU.Build.0 = Debug|Any CPU
		{AC3F59AA-76F7-484E-8C7A-73D474B4977C}.Release|Any CPU.ActiveCfg = Release|Any CPU
		{AC3F59AA-76F7-484E-8C7A-73D474B4977C}.Release|Any CPU.Build.0 = Release|Any CPU
	EndGlobalSection
	GlobalSection(SolutionProperties) = preSolution
		HideSolutionNode = FALSE
	EndGlobalSection
	GlobalSection(ExtensibilityGlobals) = postSolution
		SolutionGuid = {D410F23B-BF65-43A9-BE4D-78693B2E6CE3}
	EndGlobalSection
EndGlobal
